// !$*UTF8*$!
{
	archiveVersion = 1;
	classes = {
	};
	objectVersion = 56;
	objects = {

/* Begin PBXBuildFile section */
		1FD9D2002ACC3A3F005478CE /* AppDelegate.swift in Sources */ = {isa = PBXBuildFile; fileRef = 1FD9D1FF2ACC3A3F005478CE /* AppDelegate.swift */; };
		1FD9D2022ACC3A3F005478CE /* SceneDelegate.swift in Sources */ = {isa = PBXBuildFile; fileRef = 1FD9D2012ACC3A3F005478CE /* SceneDelegate.swift */; };
		1FD9D2042ACC3A3F005478CE /* ViewController.swift in Sources */ = {isa = PBXBuildFile; fileRef = 1FD9D2032ACC3A3F005478CE /* ViewController.swift */; };
		1FD9D2072ACC3A3F005478CE /* Main.storyboard in Resources */ = {isa = PBXBuildFile; fileRef = 1FD9D2052ACC3A3F005478CE /* Main.storyboard */; };
		1FD9D2092ACC3A41005478CE /* Assets.xcassets in Resources */ = {isa = PBXBuildFile; fileRef = 1FD9D2082ACC3A41005478CE /* Assets.xcassets */; };
		1FD9D20C2ACC3A41005478CE /* LaunchScreen.storyboard in Resources */ = {isa = PBXBuildFile; fileRef = 1FD9D20A2ACC3A41005478CE /* LaunchScreen.storyboard */; };
		1FD9D2172ACC3A41005478CE /* ExampleTests.swift in Sources */ = {isa = PBXBuildFile; fileRef = 1FD9D2162ACC3A41005478CE /* ExampleTests.swift */; };
		1FD9D2212ACC3A41005478CE /* ExampleUITests.swift in Sources */ = {isa = PBXBuildFile; fileRef = 1FD9D2202ACC3A41005478CE /* ExampleUITests.swift */; };
		1FD9D2232ACC3A41005478CE /* ExampleUITestsLaunchTests.swift in Sources */ = {isa = PBXBuildFile; fileRef = 1FD9D2222ACC3A41005478CE /* ExampleUITestsLaunchTests.swift */; };
/* End PBXBuildFile section */

/* Begin PBXContainerItemProxy section */
		1FD9D2132ACC3A41005478CE /* PBXContainerItemProxy */ = {
			isa = PBXContainerItemProxy;
			containerPortal = 1FD9D1F42ACC3A3F005478CE /* Project object */;
			proxyType = 1;
			remoteGlobalIDString = 1FD9D1FB2ACC3A3F005478CE;
			remoteInfo = Example;
		};
		1FD9D21D2ACC3A41005478CE /* PBXContainerItemProxy */ = {
			isa = PBXContainerItemProxy;
			containerPortal = 1FD9D1F42ACC3A3F005478CE /* Project object */;
			proxyType = 1;
			remoteGlobalIDString = 1FD9D1FB2ACC3A3F005478CE;
			remoteInfo = Example;
		};
/* End PBXContainerItemProxy section */

/* Begin PBXFileReference section */
		1FD9D1FC2ACC3A3F005478CE /* Example.app */ = {isa = PBXFileReference; explicitFileType = wrapper.application; includeInIndex = 0; path = Example.app; sourceTree = BUILT_PRODUCTS_DIR; };
		1FD9D1FF2ACC3A3F005478CE /* AppDelegate.swift */ = {isa = PBXFileReference; lastKnownFileType = sourcecode.swift; path = AppDelegate.swift; sourceTree = "<group>"; };
		1FD9D2012ACC3A3F005478CE /* SceneDelegate.swift */ = {isa = PBXFileReference; lastKnownFileType = sourcecode.swift; path = SceneDelegate.swift; sourceTree = "<group>"; };
		1FD9D2032ACC3A3F005478CE /* ViewController.swift */ = {isa = PBXFileReference; lastKnownFileType = sourcecode.swift; path = ViewController.swift; sourceTree = "<group>"; };
		1FD9D2062ACC3A3F005478CE /* Base */ = {isa = PBXFileReference; lastKnownFileType = file.storyboard; name = Base; path = Base.lproj/Main.storyboard; sourceTree = "<group>"; };
		1FD9D2082ACC3A41005478CE /* Assets.xcassets */ = {isa = PBXFileReference; lastKnownFileType = folder.assetcatalog; path = Assets.xcassets; sourceTree = "<group>"; };
		1FD9D20B2ACC3A41005478CE /* Base */ = {isa = PBXFileReference; lastKnownFileType = file.storyboard; name = Base; path = Base.lproj/LaunchScreen.storyboard; sourceTree = "<group>"; };
		1FD9D20D2ACC3A41005478CE /* Info.plist */ = {isa = PBXFileReference; lastKnownFileType = text.plist.xml; path = Info.plist; sourceTree = "<group>"; };
		1FD9D2122ACC3A41005478CE /* ExampleTests.xctest */ = {isa = PBXFileReference; explicitFileType = wrapper.cfbundle; includeInIndex = 0; path = ExampleTests.xctest; sourceTree = BUILT_PRODUCTS_DIR; };
		1FD9D2162ACC3A41005478CE /* ExampleTests.swift */ = {isa = PBXFileReference; lastKnownFileType = sourcecode.swift; path = ExampleTests.swift; sourceTree = "<group>"; };
		1FD9D21C2ACC3A41005478CE /* ExampleUITests.xctest */ = {isa = PBXFileReference; explicitFileType = wrapper.cfbundle; includeInIndex = 0; path = ExampleUITests.xctest; sourceTree = BUILT_PRODUCTS_DIR; };
		1FD9D2202ACC3A41005478CE /* ExampleUITests.swift */ = {isa = PBXFileReference; lastKnownFileType = sourcecode.swift; path = ExampleUITests.swift; sourceTree = "<group>"; };
		1FD9D2222ACC3A41005478CE /* ExampleUITestsLaunchTests.swift */ = {isa = PBXFileReference; lastKnownFileType = sourcecode.swift; path = ExampleUITestsLaunchTests.swift; sourceTree = "<group>"; };
/* End PBXFileReference section */

/* Begin PBXFrameworksBuildPhase section */
		1FD9D1F92ACC3A3F005478CE /* Frameworks */ = {
			isa = PBXFrameworksBuildPhase;
			buildActionMask = 2147483647;
			files = (
			);
			runOnlyForDeploymentPostprocessing = 0;
		};
		1FD9D20F2ACC3A41005478CE /* Frameworks */ = {
			isa = PBXFrameworksBuildPhase;
			buildActionMask = 2147483647;
			files = (
			);
			runOnlyForDeploymentPostprocessing = 0;
		};
		1FD9D2192ACC3A41005478CE /* Frameworks */ = {
			isa = PBXFrameworksBuildPhase;
			buildActionMask = 2147483647;
			files = (
			);
			runOnlyForDeploymentPostprocessing = 0;
		};
/* End PBXFrameworksBuildPhase section */

/* Begin PBXGroup section */
		1FD9D1F32ACC3A3F005478CE = {
			isa = PBXGroup;
			children = (
				1FD9D1FE2ACC3A3F005478CE /* Example */,
				1FD9D2152ACC3A41005478CE /* ExampleTests */,
				1FD9D21F2ACC3A41005478CE /* ExampleUITests */,
				1FD9D1FD2ACC3A3F005478CE /* Products */,
			);
			sourceTree = "<group>";
		};
		1FD9D1FD2ACC3A3F005478CE /* Products */ = {
			isa = PBXGroup;
			children = (
				1FD9D1FC2ACC3A3F005478CE /* Example.app */,
				1FD9D2122ACC3A41005478CE /* ExampleTests.xctest */,
				1FD9D21C2ACC3A41005478CE /* ExampleUITests.xctest */,
			);
			name = Products;
			sourceTree = "<group>";
		};
		1FD9D1FE2ACC3A3F005478CE /* Example */ = {
			isa = PBXGroup;
			children = (
				1FD9D1FF2ACC3A3F005478CE /* AppDelegate.swift */,
				1FD9D2012ACC3A3F005478CE /* SceneDelegate.swift */,
				1FD9D2032ACC3A3F005478CE /* ViewController.swift */,
				1FD9D2052ACC3A3F005478CE /* Main.storyboard */,
				1FD9D2082ACC3A41005478CE /* Assets.xcassets */,
				1FD9D20A2ACC3A41005478CE /* LaunchScreen.storyboard */,
				1FD9D20D2ACC3A41005478CE /* Info.plist */,
			);
			path = Example;
			sourceTree = "<group>";
		};
		1FD9D2152ACC3A41005478CE /* ExampleTests */ = {
			isa = PBXGroup;
			children = (
				1FD9D2162ACC3A41005478CE /* ExampleTests.swift */,
			);
			path = ExampleTests;
			sourceTree = "<group>";
		};
		1FD9D21F2ACC3A41005478CE /* ExampleUITests */ = {
			isa = PBXGroup;
			children = (
				1FD9D2202ACC3A41005478CE /* ExampleUITests.swift */,
				1FD9D2222ACC3A41005478CE /* ExampleUITestsLaunchTests.swift */,
			);
			path = ExampleUITests;
			sourceTree = "<group>";
		};
/* End PBXGroup section */

/* Begin PBXNativeTarget section */
		1FD9D1FB2ACC3A3F005478CE /* Example */ = {
			isa = PBXNativeTarget;
			buildConfigurationList = 1FD9D2262ACC3A41005478CE /* Build configuration list for PBXNativeTarget "Example" */;
			buildPhases = (
				1FD9D1F82ACC3A3F005478CE /* Sources */,
				1FD9D1F92ACC3A3F005478CE /* Frameworks */,
				1FD9D1FA2ACC3A3F005478CE /* Resources */,
			);
			buildRules = (
			);
			dependencies = (
			);
			name = Example;
			productName = Example;
			productReference = 1FD9D1FC2ACC3A3F005478CE /* Example.app */;
			productType = "com.apple.product-type.application";
		};
		1FD9D2112ACC3A41005478CE /* ExampleTests */ = {
			isa = PBXNativeTarget;
			buildConfigurationList = 1FD9D2292ACC3A41005478CE /* Build configuration list for PBXNativeTarget "ExampleTests" */;
			buildPhases = (
				1FD9D20E2ACC3A41005478CE /* Sources */,
				1FD9D20F2ACC3A41005478CE /* Frameworks */,
				1FD9D2102ACC3A41005478CE /* Resources */,
			);
			buildRules = (
			);
			dependencies = (
				1FD9D2142ACC3A41005478CE /* PBXTargetDependency */,
			);
			name = ExampleTests;
			productName = ExampleTests;
			productReference = 1FD9D2122ACC3A41005478CE /* ExampleTests.xctest */;
			productType = "com.apple.product-type.bundle.unit-test";
		};
		1FD9D21B2ACC3A41005478CE /* ExampleUITests */ = {
			isa = PBXNativeTarget;
			buildConfigurationList = 1FD9D22C2ACC3A41005478CE /* Build configuration list for PBXNativeTarget "ExampleUITests" */;
			buildPhases = (
				1FD9D2182ACC3A41005478CE /* Sources */,
				1FD9D2192ACC3A41005478CE /* Frameworks */,
				1FD9D21A2ACC3A41005478CE /* Resources */,
			);
			buildRules = (
			);
			dependencies = (
				1FD9D21E2ACC3A41005478CE /* PBXTargetDependency */,
			);
			name = ExampleUITests;
			productName = ExampleUITests;
			productReference = 1FD9D21C2ACC3A41005478CE /* ExampleUITests.xctest */;
			productType = "com.apple.product-type.bundle.ui-testing";
		};
/* End PBXNativeTarget section */

/* Begin PBXProject section */
		1FD9D1F42ACC3A3F005478CE /* Project object */ = {
			isa = PBXProject;
			attributes = {
				BuildIndependentTargetsInParallel = 1;
				LastSwiftUpdateCheck = 1430;
				LastUpgradeCheck = 1430;
				TargetAttributes = {
					1FD9D1FB2ACC3A3F005478CE = {
						CreatedOnToolsVersion = 14.3;
					};
					1FD9D2112ACC3A41005478CE = {
						CreatedOnToolsVersion = 14.3;
						TestTargetID = 1FD9D1FB2ACC3A3F005478CE;
					};
					1FD9D21B2ACC3A41005478CE = {
						CreatedOnToolsVersion = 14.3;
						TestTargetID = 1FD9D1FB2ACC3A3F005478CE;
					};
				};
			};
			buildConfigurationList = 1FD9D1F72ACC3A3F005478CE /* Build configuration list for PBXProject "Example" */;
			compatibilityVersion = "Xcode 14.0";
			developmentRegion = en;
			hasScannedForEncodings = 0;
			knownRegions = (
				en,
				Base,
			);
			mainGroup = 1FD9D1F32ACC3A3F005478CE;
			productRefGroup = 1FD9D1FD2ACC3A3F005478CE /* Products */;
			projectDirPath = "";
			projectRoot = "";
			targets = (
				1FD9D1FB2ACC3A3F005478CE /* Example */,
				1FD9D2112ACC3A41005478CE /* ExampleTests */,
				1FD9D21B2ACC3A41005478CE /* ExampleUITests */,
			);
		};
/* End PBXProject section */

/* Begin PBXResourcesBuildPhase section */
		1FD9D1FA2ACC3A3F005478CE /* Resources */ = {
			isa = PBXResourcesBuildPhase;
			buildActionMask = 2147483647;
			files = (
				1FD9D20C2ACC3A41005478CE /* LaunchScreen.storyboard in Resources */,
				1FD9D2092ACC3A41005478CE /* Assets.xcassets in Resources */,
				1FD9D2072ACC3A3F005478CE /* Main.storyboard in Resources */,
			);
			runOnlyForDeploymentPostprocessing = 0;
		};
		1FD9D2102ACC3A41005478CE /* Resources */ = {
			isa = PBXResourcesBuildPhase;
			buildActionMask = 2147483647;
			files = (
			);
			runOnlyForDeploymentPostprocessing = 0;
		};
		1FD9D21A2ACC3A41005478CE /* Resources */ = {
			isa = PBXResourcesBuildPhase;
			buildActionMask = 2147483647;
			files = (
			);
			runOnlyForDeploymentPostprocessing = 0;
		};
/* End PBXResourcesBuildPhase section */

/* Begin PBXSourcesBuildPhase section */
		1FD9D1F82ACC3A3F005478CE /* Sources */ = {
			isa = PBXSourcesBuildPhase;
			buildActionMask = 2147483647;
			files = (
				1FD9D2042ACC3A3F005478CE /* ViewController.swift in Sources */,
				1FD9D2002ACC3A3F005478CE /* AppDelegate.swift in Sources */,
				1FD9D2022ACC3A3F005478CE /* SceneDelegate.swift in Sources */,
			);
			runOnlyForDeploymentPostprocessing = 0;
		};
		1FD9D20E2ACC3A41005478CE /* Sources */ = {
			isa = PBXSourcesBuildPhase;
			buildActionMask = 2147483647;
			files = (
				1FD9D2172ACC3A41005478CE /* ExampleTests.swift in Sources */,
			);
			runOnlyForDeploymentPostprocessing = 0;
		};
		1FD9D2182ACC3A41005478CE /* Sources */ = {
			isa = PBXSourcesBuildPhase;
			buildActionMask = 2147483647;
			files = (
				1FD9D2212ACC3A41005478CE /* ExampleUITests.swift in Sources */,
				1FD9D2232ACC3A41005478CE /* ExampleUITestsLaunchTests.swift in Sources */,
			);
			runOnlyForDeploymentPostprocessing = 0;
		};
/* End PBXSourcesBuildPhase section */

/* Begin PBXTargetDependency section */
		1FD9D2142ACC3A41005478CE /* PBXTargetDependency */ = {
			isa = PBXTargetDependency;
			target = 1FD9D1FB2ACC3A3F005478CE /* Example */;
			targetProxy = 1FD9D2132ACC3A41005478CE /* PBXContainerItemProxy */;
		};
		1FD9D21E2ACC3A41005478CE /* PBXTargetDependency */ = {
			isa = PBXTargetDependency;
			target = 1FD9D1FB2ACC3A3F005478CE /* Example */;
			targetProxy = 1FD9D21D2ACC3A41005478CE /* PBXContainerItemProxy */;
		};
/* End PBXTargetDependency section */

/* Begin PBXVariantGroup section */
		1FD9D2052ACC3A3F005478CE /* Main.storyboard */ = {
			isa = PBXVariantGroup;
			children = (
				1FD9D2062ACC3A3F005478CE /* Base */,
			);
			name = Main.storyboard;
			sourceTree = "<group>";
		};
		1FD9D20A2ACC3A41005478CE /* LaunchScreen.storyboard */ = {
			isa = PBXVariantGroup;
			children = (
				1FD9D20B2ACC3A41005478CE /* Base */,
			);
			name = LaunchScreen.storyboard;
			sourceTree = "<group>";
		};
/* End PBXVariantGroup section */

/* Begin XCBuildConfiguration section */
		1FD9D2242ACC3A41005478CE /* Debug */ = {
			isa = XCBuildConfiguration;
			buildSettings = {
				ALWAYS_SEARCH_USER_PATHS = NO;
				CLANG_ANALYZER_NONNULL = YES;
				CLANG_ANALYZER_NUMBER_OBJECT_CONVERSION = YES_AGGRESSIVE;
				CLANG_CXX_LANGUAGE_STANDARD = "gnu++20";
				CLANG_ENABLE_MODULES = YES;
				CLANG_ENABLE_OBJC_ARC = YES;
				CLANG_ENABLE_OBJC_WEAK = YES;
				CLANG_WARN_BLOCK_CAPTURE_AUTORELEASING = YES;
				CLANG_WARN_BOOL_CONVERSION = YES;
				CLANG_WARN_COMMA = YES;
				CLANG_WARN_CONSTANT_CONVERSION = YES;
				CLANG_WARN_DEPRECATED_OBJC_IMPLEMENTATIONS = YES;
				CLANG_WARN_DIRECT_OBJC_ISA_USAGE = YES_ERROR;
				CLANG_WARN_DOCUMENTATION_COMMENTS = YES;
				CLANG_WARN_EMPTY_BODY = YES;
				CLANG_WARN_ENUM_CONVERSION = YES;
				CLANG_WARN_INFINITE_RECURSION = YES;
				CLANG_WARN_INT_CONVERSION = YES;
				CLANG_WARN_NON_LITERAL_NULL_CONVERSION = YES;
				CLANG_WARN_OBJC_IMPLICIT_RETAIN_SELF = YES;
				CLANG_WARN_OBJC_LITERAL_CONVERSION = YES;
				CLANG_WARN_OBJC_ROOT_CLASS = YES_ERROR;
				CLANG_WARN_QUOTED_INCLUDE_IN_FRAMEWORK_HEADER = YES;
				CLANG_WARN_RANGE_LOOP_ANALYSIS = YES;
				CLANG_WARN_STRICT_PROTOTYPES = YES;
				CLANG_WARN_SUSPICIOUS_MOVE = YES;
				CLANG_WARN_UNGUARDED_AVAILABILITY = YES_AGGRESSIVE;
				CLANG_WARN_UNREACHABLE_CODE = YES;
				CLANG_WARN__DUPLICATE_METHOD_MATCH = YES;
				COPY_PHASE_STRIP = NO;
				DEBUG_INFORMATION_FORMAT = dwarf;
				ENABLE_STRICT_OBJC_MSGSEND = YES;
				ENABLE_TESTABILITY = YES;
				GCC_C_LANGUAGE_STANDARD = gnu11;
				GCC_DYNAMIC_NO_PIC = NO;
				GCC_NO_COMMON_BLOCKS = YES;
				GCC_OPTIMIZATION_LEVEL = 0;
				GCC_PREPROCESSOR_DEFINITIONS = (
					"DEBUG=1",
					"$(inherited)",
				);
				GCC_WARN_64_TO_32_BIT_CONVERSION = YES;
				GCC_WARN_ABOUT_RETURN_TYPE = YES_ERROR;
				GCC_WARN_UNDECLARED_SELECTOR = YES;
				GCC_WARN_UNINITIALIZED_AUTOS = YES_AGGRESSIVE;
				GCC_WARN_UNUSED_FUNCTION = YES;
				GCC_WARN_UNUSED_VARIABLE = YES;
				IPHONEOS_DEPLOYMENT_TARGET = 16.4;
				MTL_ENABLE_DEBUG_INFO = INCLUDE_SOURCE;
				MTL_FAST_MATH = YES;
				ONLY_ACTIVE_ARCH = YES;
				SDKROOT = iphoneos;
				SWIFT_ACTIVE_COMPILATION_CONDITIONS = DEBUG;
				SWIFT_OPTIMIZATION_LEVEL = "-Onone";
			};
			name = Debug;
		};
		1FD9D2252ACC3A41005478CE /* Release */ = {
			isa = XCBuildConfiguration;
			buildSettings = {
				ALWAYS_SEARCH_USER_PATHS = NO;
				CLANG_ANALYZER_NONNULL = YES;
				CLANG_ANALYZER_NUMBER_OBJECT_CONVERSION = YES_AGGRESSIVE;
				CLANG_CXX_LANGUAGE_STANDARD = "gnu++20";
				CLANG_ENABLE_MODULES = YES;
				CLANG_ENABLE_OBJC_ARC = YES;
				CLANG_ENABLE_OBJC_WEAK = YES;
				CLANG_WARN_BLOCK_CAPTURE_AUTORELEASING = YES;
				CLANG_WARN_BOOL_CONVERSION = YES;
				CLANG_WARN_COMMA = YES;
				CLANG_WARN_CONSTANT_CONVERSION = YES;
				CLANG_WARN_DEPRECATED_OBJC_IMPLEMENTATIONS = YES;
				CLANG_WARN_DIRECT_OBJC_ISA_USAGE = YES_ERROR;
				CLANG_WARN_DOCUMENTATION_COMMENTS = YES;
				CLANG_WARN_EMPTY_BODY = YES;
				CLANG_WARN_ENUM_CONVERSION = YES;
				CLANG_WARN_INFINITE_RECURSION = YES;
				CLANG_WARN_INT_CONVERSION = YES;
				CLANG_WARN_NON_LITERAL_NULL_CONVERSION = YES;
				CLANG_WARN_OBJC_IMPLICIT_RETAIN_SELF = YES;
				CLANG_WARN_OBJC_LITERAL_CONVERSION = YES;
				CLANG_WARN_OBJC_ROOT_CLASS = YES_ERROR;
				CLANG_WARN_QUOTED_INCLUDE_IN_FRAMEWORK_HEADER = YES;
				CLANG_WARN_RANGE_LOOP_ANALYSIS = YES;
				CLANG_WARN_STRICT_PROTOTYPES = YES;
				CLANG_WARN_SUSPICIOUS_MOVE = YES;
				CLANG_WARN_UNGUARDED_AVAILABILITY = YES_AGGRESSIVE;
				CLANG_WARN_UNREACHABLE_CODE = YES;
				CLANG_WARN__DUPLICATE_METHOD_MATCH = YES;
				COPY_PHASE_STRIP = NO;
				DEBUG_INFORMATION_FORMAT = "dwarf-with-dsym";
				ENABLE_NS_ASSERTIONS = NO;
				ENABLE_STRICT_OBJC_MSGSEND = YES;
				GCC_C_LANGUAGE_STANDARD = gnu11;
				GCC_NO_COMMON_BLOCKS = YES;
				GCC_WARN_64_TO_32_BIT_CONVERSION = YES;
				GCC_WARN_ABOUT_RETURN_TYPE = YES_ERROR;
				GCC_WARN_UNDECLARED_SELECTOR = YES;
				GCC_WARN_UNINITIALIZED_AUTOS = YES_AGGRESSIVE;
				GCC_WARN_UNUSED_FUNCTION = YES;
				GCC_WARN_UNUSED_VARIABLE = YES;
				IPHONEOS_DEPLOYMENT_TARGET = 16.4;
				MTL_ENABLE_DEBUG_INFO = NO;
				MTL_FAST_MATH = YES;
				SDKROOT = iphoneos;
				SWIFT_COMPILATION_MODE = wholemodule;
				SWIFT_OPTIMIZATION_LEVEL = "-O";
				VALIDATE_PRODUCT = YES;
			};
			name = Release;
		};
		1FD9D2272ACC3A41005478CE /* Debug */ = {
			isa = XCBuildConfiguration;
			buildSettings = {
				ASSETCATALOG_COMPILER_APPICON_NAME = AppIcon;
				ASSETCATALOG_COMPILER_GLOBAL_ACCENT_COLOR_NAME = AccentColor;
				CODE_SIGN_STYLE = Automatic;
				CURRENT_PROJECT_VERSION = 1;
				GENERATE_INFOPLIST_FILE = YES;
				INFOPLIST_FILE = Example/Info.plist;
				INFOPLIST_KEY_UIApplicationSupportsIndirectInputEvents = YES;
				INFOPLIST_KEY_UILaunchStoryboardName = LaunchScreen;
				INFOPLIST_KEY_UIMainStoryboardFile = Main;
				INFOPLIST_KEY_UISupportedInterfaceOrientations_iPad = "UIInterfaceOrientationPortrait UIInterfaceOrientationPortraitUpsideDown UIInterfaceOrientationLandscapeLeft UIInterfaceOrientationLandscapeRight";
				INFOPLIST_KEY_UISupportedInterfaceOrientations_iPhone = "UIInterfaceOrientationPortrait UIInterfaceOrientationLandscapeLeft UIInterfaceOrientationLandscapeRight";
				LD_RUNPATH_SEARCH_PATHS = (
					"$(inherited)",
					"@executable_path/Frameworks",
				);
				MARKETING_VERSION = 1.0;
				PRODUCT_BUNDLE_IDENTIFIER = vm.Example;
				PRODUCT_NAME = "$(TARGET_NAME)";
				SWIFT_EMIT_LOC_STRINGS = YES;
				SWIFT_VERSION = 5.0;
				TARGETED_DEVICE_FAMILY = "1,2";
			};
			name = Debug;
		};
		1FD9D2282ACC3A41005478CE /* Release */ = {
			isa = XCBuildConfiguration;
			buildSettings = {
				ASSETCATALOG_COMPILER_APPICON_NAME = AppIcon;
				ASSETCATALOG_COMPILER_GLOBAL_ACCENT_COLOR_NAME = AccentColor;
				CODE_SIGN_STYLE = Automatic;
				CURRENT_PROJECT_VERSION = 1;
				GENERATE_INFOPLIST_FILE = YES;
				INFOPLIST_FILE = Example/Info.plist;
				INFOPLIST_KEY_UIApplicationSupportsIndirectInputEvents = YES;
				INFOPLIST_KEY_UILaunchStoryboardName = LaunchScreen;
				INFOPLIST_KEY_UIMainStoryboardFile = Main;
				INFOPLIST_KEY_UISupportedInterfaceOrientations_iPad = "UIInterfaceOrientationPortrait UIInterfaceOrientationPortraitUpsideDown UIInterfaceOrientationLandscapeLeft UIInterfaceOrientationLandscapeRight";
				INFOPLIST_KEY_UISupportedInterfaceOrientations_iPhone = "UIInterfaceOrientationPortrait UIInterfaceOrientationLandscapeLeft UIInterfaceOrientationLandscapeRight";
				LD_RUNPATH_SEARCH_PATHS = (
					"$(inherited)",
					"@executable_path/Frameworks",
				);
				MARKETING_VERSION = 1.0;
				PRODUCT_BUNDLE_IDENTIFIER = vm.Example;
				PRODUCT_NAME = "$(TARGET_NAME)";
				SWIFT_EMIT_LOC_STRINGS = YES;
				SWIFT_VERSION = 5.0;
				TARGETED_DEVICE_FAMILY = "1,2";
			};
			name = Release;
		};
		1FD9D22A2ACC3A41005478CE /* Debug */ = {
			isa = XCBuildConfiguration;
			buildSettings = {
				ALWAYS_EMBED_SWIFT_STANDARD_LIBRARIES = YES;
				BUNDLE_LOADER = "$(TEST_HOST)";
				CODE_SIGN_STYLE = Automatic;
				CURRENT_PROJECT_VERSION = 1;
				GENERATE_INFOPLIST_FILE = YES;
				IPHONEOS_DEPLOYMENT_TARGET = 16.4;
				MARKETING_VERSION = 1.0;
				PRODUCT_BUNDLE_IDENTIFIER = vm.ExampleTests;
				PRODUCT_NAME = "$(TARGET_NAME)";
				SWIFT_EMIT_LOC_STRINGS = NO;
				SWIFT_VERSION = 5.0;
				TARGETED_DEVICE_FAMILY = "1,2";
				TEST_HOST = "$(BUILT_PRODUCTS_DIR)/Example.app/$(BUNDLE_EXECUTABLE_FOLDER_PATH)/Example";
			};
			name = Debug;
		};
		1FD9D22B2ACC3A41005478CE /* Release */ = {
			isa = XCBuildConfiguration;
			buildSettings = {
				ALWAYS_EMBED_SWIFT_STANDARD_LIBRARIES = YES;
				BUNDLE_LOADER = "$(TEST_HOST)";
				CODE_SIGN_STYLE = Automatic;
				CURRENT_PROJECT_VERSION = 1;
				GENERATE_INFOPLIST_FILE = YES;
				IPHONEOS_DEPLOYMENT_TARGET = 16.4;
				MARKETING_VERSION = 1.0;
				PRODUCT_BUNDLE_IDENTIFIER = vm.ExampleTests;
				PRODUCT_NAME = "$(TARGET_NAME)";
				SWIFT_EMIT_LOC_STRINGS = NO;
				SWIFT_VERSION = 5.0;
				TARGETED_DEVICE_FAMILY = "1,2";
				TEST_HOST = "$(BUILT_PRODUCTS_DIR)/Example.app/$(BUNDLE_EXECUTABLE_FOLDER_PATH)/Example";
			};
			name = Release;
		};
		1FD9D22D2ACC3A41005478CE /* Debug */ = {
			isa = XCBuildConfiguration;
			buildSettings = {
				ALWAYS_EMBED_SWIFT_STANDARD_LIBRARIES = YES;
				CODE_SIGN_STYLE = Automatic;
				CURRENT_PROJECT_VERSION = 1;
				GENERATE_INFOPLIST_FILE = YES;
				MARKETING_VERSION = 1.0;
				PRODUCT_BUNDLE_IDENTIFIER = vm.ExampleUITests;
				PRODUCT_NAME = "$(TARGET_NAME)";
				SWIFT_EMIT_LOC_STRINGS = NO;
				SWIFT_VERSION = 5.0;
				TARGETED_DEVICE_FAMILY = "1,2";
				TEST_TARGET_NAME = Example;
			};
			name = Debug;
		};
		1FD9D22E2ACC3A41005478CE /* Release */ = {
			isa = XCBuildConfiguration;
			buildSettings = {
				ALWAYS_EMBED_SWIFT_STANDARD_LIBRARIES = YES;
				CODE_SIGN_STYLE = Automatic;
				CURRENT_PROJECT_VERSION = 1;
				GENERATE_INFOPLIST_FILE = YES;
				MARKETING_VERSION = 1.0;
				PRODUCT_BUNDLE_IDENTIFIER = vm.ExampleUITests;
				PRODUCT_NAME = "$(TARGET_NAME)";
				SWIFT_EMIT_LOC_STRINGS = NO;
				SWIFT_VERSION = 5.0;
				TARGETED_DEVICE_FAMILY = "1,2";
				TEST_TARGET_NAME = Example;
			};
			name = Release;
		};
/* End XCBuildConfiguration section */

/* Begin XCConfigurationList section */
		1FD9D1F72ACC3A3F005478CE /* Build configuration list for PBXProject "Example" */ = {
			isa = XCConfigurationList;
			buildConfigurations = (
				1FD9D2242ACC3A41005478CE /* Debug */,
				1FD9D2252ACC3A41005478CE /* Release */,
			);
			defaultConfigurationIsVisible = 0;
			defaultConfigurationName = Release;
		};
		1FD9D2262ACC3A41005478CE /* Build configuration list for PBXNativeTarget "Example" */ = {
			isa = XCConfigurationList;
			buildConfigurations = (
				1FD9D2272ACC3A41005478CE /* Debug */,
				1FD9D2282ACC3A41005478CE /* Release */,
			);
			defaultConfigurationIsVisible = 0;
			defaultConfigurationName = Release;
		};
		1FD9D2292ACC3A41005478CE /* Build configuration list for PBXNativeTarget "ExampleTests" */ = {
			isa = XCConfigurationList;
			buildConfigurations = (
				1FD9D22A2ACC3A41005478CE /* Debug */,
				1FD9D22B2ACC3A41005478CE /* Release */,
			);
			defaultConfigurationIsVisible = 0;
			defaultConfigurationName = Release;
		};
		1FD9D22C2ACC3A41005478CE /* Build configuration list for PBXNativeTarget "ExampleUITests" */ = {
			isa = XCConfigurationList;
			buildConfigurations = (
				1FD9D22D2ACC3A41005478CE /* Debug */,
				1FD9D22E2ACC3A41005478CE /* Release */,
			);
			defaultConfigurationIsVisible = 0;
			defaultConfigurationName = Release;
		};
/* End XCConfigurationList section */
	};
	rootObject = 1FD9D1F42ACC3A3F005478CE /* Project object */;
}
